
Microsoft Visual Studio Solution File, Format Version 12.00
# Visual Studio 2012
Project("{FAE04EC0-301F-11D3-BF4B-00C04F79EFBC}") = "Glue", "Glue\Glue.csproj", "{CBA632F6-22F7-4352-92E0-97FEC87A43AC}"
EndProject
Global
	GlobalSection(SolutionConfigurationPlatforms) = preSolution
		Debug|Any CPU = Debug|Any CPU
		Release|Any CPU = Release|Any CPU
	EndGlobalSection
	GlobalSection(ProjectConfigurationPlatforms) = postSolution
		{CBA632F6-22F7-4352-92E0-97FEC87A43AC}.Debug|Any CPU.ActiveCfg = Debug|Any CPU
		{CBA632F6-22F7-4352-92E0-97FEC87A43AC}.Debug|Any CPU.Build.0 = Debug|Any CPU
		{CBA632F6-22F7-4352-92E0-97FEC87A43AC}.Release|Any CPU.ActiveCfg = Release|Any CPU
		{CBA632F6-22F7-4352-92E0-97FEC87A43AC}.Release|Any CPU.Build.0 = Release|Any CPU
	EndGlobalSection
	GlobalSection(SolutionProperties) = preSolution
		HideSolutionNode = FALSE
	EndGlobalSection
EndGlobal
